
Microsoft Visual Studio Solution File, Format Version 12.00
# Visual Studio 15
VisualStudioVersion = 15.0.27004.2008
MinimumVisualStudioVersion = 10.0.40219.1
Project("{9A19103F-16F7-4668-BE54-9A1E7A4F7556}") = "MowaInfo.DbContextPool", "src\MowaInfo.DbContextPool\MowaInfo.DbContextPool.csproj", "{0803519D-BF0F-4C25-ACA1-B140B5E39D65}"
EndProject
Project("{2150E333-8FDC-42A3-9474-1A3956D46DE8}") = "src", "src", "{3255E042-189D-47ED-983D-631C00E84F3F}"
EndProject
Project("{2150E333-8FDC-42A3-9474-1A3956D46DE8}") = "Solution Items", "Solution Items", "{328F8527-0406-4A4D-8408-1B2F32DF54DB}"
	ProjectSection(SolutionItems) = preProject
		Nuget.config = Nuget.config
	EndProjectSection
EndProject
Global
	GlobalSection(SolutionConfigurationPlatforms) = preSolution
		Debug|Any CPU = Debug|Any CPU
		Release|Any CPU = Release|Any CPU
	EndGlobalSection
	GlobalSection(ProjectConfigurationPlatforms) = postSolution
		{0803519D-BF0F-4C25-ACA1-B140B5E39D65}.Debug|Any CPU.ActiveCfg = Debug|Any CPU
		{0803519D-BF0F-4C25-ACA1-B140B5E39D65}.Debug|Any CPU.Build.0 = Debug|Any CPU
		{0803519D-BF0F-4C25-ACA1-B140B5E39D65}.Release|Any CPU.ActiveCfg = Release|Any CPU
		{0803519D-BF0F-4C25-ACA1-B140B5E39D65}.Release|Any CPU.Build.0 = Release|Any CPU
	EndGlobalSection
	GlobalSection(SolutionProperties) = preSolution
		HideSolutionNode = FALSE
	EndGlobalSection
	GlobalSection(NestedProjects) = preSolution
		{0803519D-BF0F-4C25-ACA1-B140B5E39D65} = {3255E042-189D-47ED-983D-631C00E84F3F}
	EndGlobalSection
	GlobalSection(ExtensibilityGlobals) = postSolution
		SolutionGuid = {8DFA6D40-8237-4800-BE7C-B1C1D8960DAC}
	EndGlobalSection
EndGlobal
